
Microsoft Visual Studio Solution File, Format Version 12.00
# Visual Studio Version 17
VisualStudioVersion = 17.3.32929.385
MinimumVisualStudioVersion = 10.0.40219.1
Project("{FAE04EC0-301F-11D3-BF4B-00C04F79EFBC}") = "joc2_oop", "joc2_oop.csproj", "{519732BD-E59D-4C89-936F-0815B4B9F6D4}"
EndProject
Global
	GlobalSection(SolutionConfigurationPlatforms) = preSolution
		Debug|Any CPU = Debug|Any CPU
		Release|Any CPU = Release|Any CPU
	EndGlobalSection
	GlobalSection(ProjectConfigurationPlatforms) = postSolution
		{519732BD-E59D-4C89-936F-0815B4B9F6D4}.Debug|Any CPU.ActiveCfg = Debug|Any CPU
		{519732BD-E59D-4C89-936F-0815B4B9F6D4}.Debug|Any CPU.Build.0 = Debug|Any CPU
		{519732BD-E59D-4C89-936F-0815B4B9F6D4}.Release|Any CPU.ActiveCfg = Release|Any CPU
		{519732BD-E59D-4C89-936F-0815B4B9F6D4}.Release|Any CPU.Build.0 = Release|Any CPU
	EndGlobalSection
	GlobalSection(SolutionProperties) = preSolution
		HideSolutionNode = FALSE
	EndGlobalSection
	GlobalSection(ExtensibilityGlobals) = postSolution
		SolutionGuid = {D6CB7B3A-D877-4888-ACB0-1914D74D10FF}
	EndGlobalSection
EndGlobal
